// !$*UTF8*$!
{
	archiveVersion = 1;
	classes = {
	};
	objectVersion = 50;
	objects = {

/* Begin PBXAggregateTarget section */
		740197FC2347DAC10066CDF3 /* SubSocket */ = {
			isa = PBXAggregateTarget;
			buildConfigurationList = 740197FD2347DAC10066CDF3 /* Build configuration list for PBXAggregateTarget "SubSocket" */;
			buildPhases = (
			);
			dependencies = (
			);
			name = SubSocket;
			productName = SubSocket;
		};
/* End PBXAggregateTarget section */

/* Begin PBXBuildFile section */
		740197EA2347D7290066CDF3 /* StageSocket.framework in Frameworks */ = {isa = PBXBuildFile; fileRef = 740197E02347D7290066CDF3 /* StageSocket.framework */; };
		740197EF2347D7290066CDF3 /* StageSocketTests.swift in Sources */ = {isa = PBXBuildFile; fileRef = 740197EE2347D7290066CDF3 /* StageSocketTests.swift */; };
		740197F12347D7290066CDF3 /* StageSocket.h in Headers */ = {isa = PBXBuildFile; fileRef = 740197E32347D7290066CDF3 /* StageSocket.h */; settings = {ATTRIBUTES = (Public, ); }; };
		740198012347DB8C0066CDF3 /* SocketModule.swift in Sources */ = {isa = PBXBuildFile; fileRef = 740198002347DB8C0066CDF3 /* SocketModule.swift */; };
		BCB9E83E814E19BF33886AAF /* Pods_StageSocketTests.framework in Frameworks */ = {isa = PBXBuildFile; fileRef = 26423F26EAFBD7C40DD55C73 /* Pods_StageSocketTests.framework */; };
		F570EFF58C8C01766AD390D2 /* Pods_StageSocket.framework in Frameworks */ = {isa = PBXBuildFile; fileRef = 95AD454793EA4D55D85BF902 /* Pods_StageSocket.framework */; };
/* End PBXBuildFile section */

/* Begin PBXContainerItemProxy section */
		740197EB2347D7290066CDF3 /* PBXContainerItemProxy */ = {
			isa = PBXContainerItemProxy;
			containerPortal = 740197D52347D6F40066CDF3 /* Project object */;
			proxyType = 1;
			remoteGlobalIDString = 740197DF2347D7290066CDF3;
			remoteInfo = StageSocket;
		};
/* End PBXContainerItemProxy section */

/* Begin PBXFileReference section */
		2151EB664D46EE1E8DA6351C /* Pods-StageSocketTests.debug.xcconfig */ = {isa = PBXFileReference; includeInIndex = 1; lastKnownFileType = text.xcconfig; name = "Pods-StageSocketTests.debug.xcconfig"; path = "Target Support Files/Pods-StageSocketTests/Pods-StageSocketTests.debug.xcconfig"; sourceTree = "<group>"; };
		26423F26EAFBD7C40DD55C73 /* Pods_StageSocketTests.framework */ = {isa = PBXFileReference; explicitFileType = wrapper.framework; includeInIndex = 0; path = Pods_StageSocketTests.framework; sourceTree = BUILT_PRODUCTS_DIR; };
		3483C046132A63A1E5D64CE5 /* Pods-StageSocketTests.release.xcconfig */ = {isa = PBXFileReference; includeInIndex = 1; lastKnownFileType = text.xcconfig; name = "Pods-StageSocketTests.release.xcconfig"; path = "Target Support Files/Pods-StageSocketTests/Pods-StageSocketTests.release.xcconfig"; sourceTree = "<group>"; };
		4200FA65BB8C98995C9D08E0 /* Pods-StageSocket.debug.xcconfig */ = {isa = PBXFileReference; includeInIndex = 1; lastKnownFileType = text.xcconfig; name = "Pods-StageSocket.debug.xcconfig"; path = "Target Support Files/Pods-StageSocket/Pods-StageSocket.debug.xcconfig"; sourceTree = "<group>"; };
		740197E02347D7290066CDF3 /* StageSocket.framework */ = {isa = PBXFileReference; explicitFileType = wrapper.framework; includeInIndex = 0; path = StageSocket.framework; sourceTree = BUILT_PRODUCTS_DIR; };
		740197E32347D7290066CDF3 /* StageSocket.h */ = {isa = PBXFileReference; lastKnownFileType = sourcecode.c.h; path = StageSocket.h; sourceTree = "<group>"; };
		740197E42347D7290066CDF3 /* Info.plist */ = {isa = PBXFileReference; lastKnownFileType = text.plist.xml; path = Info.plist; sourceTree = "<group>"; };
		740197E92347D7290066CDF3 /* StageSocketTests.xctest */ = {isa = PBXFileReference; explicitFileType = wrapper.cfbundle; includeInIndex = 0; path = StageSocketTests.xctest; sourceTree = BUILT_PRODUCTS_DIR; };
		740197EE2347D7290066CDF3 /* StageSocketTests.swift */ = {isa = PBXFileReference; lastKnownFileType = sourcecode.swift; path = StageSocketTests.swift; sourceTree = "<group>"; };
		740197F02347D7290066CDF3 /* Info.plist */ = {isa = PBXFileReference; lastKnownFileType = text.plist.xml; path = Info.plist; sourceTree = "<group>"; };
		740198002347DB8C0066CDF3 /* SocketModule.swift */ = {isa = PBXFileReference; lastKnownFileType = sourcecode.swift; path = SocketModule.swift; sourceTree = "<group>"; };
		95AD454793EA4D55D85BF902 /* Pods_StageSocket.framework */ = {isa = PBXFileReference; explicitFileType = wrapper.framework; includeInIndex = 0; path = Pods_StageSocket.framework; sourceTree = BUILT_PRODUCTS_DIR; };
		DB482006E06D00E046C08A9E /* Pods-StageSocket.release.xcconfig */ = {isa = PBXFileReference; includeInIndex = 1; lastKnownFileType = text.xcconfig; name = "Pods-StageSocket.release.xcconfig"; path = "Target Support Files/Pods-StageSocket/Pods-StageSocket.release.xcconfig"; sourceTree = "<group>"; };
/* End PBXFileReference section */

/* Begin PBXFrameworksBuildPhase section */
		740197DD2347D7290066CDF3 /* Frameworks */ = {
			isa = PBXFrameworksBuildPhase;
			buildActionMask = 2147483647;
			files = (
				F570EFF58C8C01766AD390D2 /* Pods_StageSocket.framework in Frameworks */,
			);
			runOnlyForDeploymentPostprocessing = 0;
		};
		740197E62347D7290066CDF3 /* Frameworks */ = {
			isa = PBXFrameworksBuildPhase;
			buildActionMask = 2147483647;
			files = (
				740197EA2347D7290066CDF3 /* StageSocket.framework in Frameworks */,
				BCB9E83E814E19BF33886AAF /* Pods_StageSocketTests.framework in Frameworks */,
			);
			runOnlyForDeploymentPostprocessing = 0;
		};
/* End PBXFrameworksBuildPhase section */

/* Begin PBXGroup section */
		5E5197D55AF84F74D6596AE0 /* Frameworks */ = {
			isa = PBXGroup;
			children = (
				95AD454793EA4D55D85BF902 /* Pods_StageSocket.framework */,
				26423F26EAFBD7C40DD55C73 /* Pods_StageSocketTests.framework */,
			);
			name = Frameworks;
			sourceTree = "<group>";
		};
		740197D42347D6F40066CDF3 = {
			isa = PBXGroup;
			children = (
				740197E22347D7290066CDF3 /* StageSocket */,
				740197ED2347D7290066CDF3 /* StageSocketTests */,
				740197E12347D7290066CDF3 /* Products */,
				F32EFFAAFCF52E64687FAF5C /* Pods */,
				5E5197D55AF84F74D6596AE0 /* Frameworks */,
			);
			sourceTree = "<group>";
		};
		740197E12347D7290066CDF3 /* Products */ = {
			isa = PBXGroup;
			children = (
				740197E02347D7290066CDF3 /* StageSocket.framework */,
				740197E92347D7290066CDF3 /* StageSocketTests.xctest */,
			);
			name = Products;
			sourceTree = "<group>";
		};
		740197E22347D7290066CDF3 /* StageSocket */ = {
			isa = PBXGroup;
			children = (
				740197E32347D7290066CDF3 /* StageSocket.h */,
				740197E42347D7290066CDF3 /* Info.plist */,
				740198002347DB8C0066CDF3 /* SocketModule.swift */,
			);
			path = StageSocket;
			sourceTree = "<group>";
		};
		740197ED2347D7290066CDF3 /* StageSocketTests */ = {
			isa = PBXGroup;
			children = (
				740197EE2347D7290066CDF3 /* StageSocketTests.swift */,
				740197F02347D7290066CDF3 /* Info.plist */,
			);
			path = StageSocketTests;
			sourceTree = "<group>";
		};
		F32EFFAAFCF52E64687FAF5C /* Pods */ = {
			isa = PBXGroup;
			children = (
				4200FA65BB8C98995C9D08E0 /* Pods-StageSocket.debug.xcconfig */,
				DB482006E06D00E046C08A9E /* Pods-StageSocket.release.xcconfig */,
				2151EB664D46EE1E8DA6351C /* Pods-StageSocketTests.debug.xcconfig */,
				3483C046132A63A1E5D64CE5 /* Pods-StageSocketTests.release.xcconfig */,
			);
			path = Pods;
			sourceTree = "<group>";
		};
/* End PBXGroup section */

/* Begin PBXHeadersBuildPhase section */
		740197DB2347D7290066CDF3 /* Headers */ = {
			isa = PBXHeadersBuildPhase;
			buildActionMask = 2147483647;
			files = (
				740197F12347D7290066CDF3 /* StageSocket.h in Headers */,
			);
			runOnlyForDeploymentPostprocessing = 0;
		};
/* End PBXHeadersBuildPhase section */

/* Begin PBXNativeTarget section */
		740197DF2347D7290066CDF3 /* StageSocket */ = {
			isa = PBXNativeTarget;
			buildConfigurationList = 740197F22347D7290066CDF3 /* Build configuration list for PBXNativeTarget "StageSocket" */;
			buildPhases = (
				94CA42702C05BBB26384DA58 /* [CP] Check Pods Manifest.lock */,
				740197DB2347D7290066CDF3 /* Headers */,
				740197DC2347D7290066CDF3 /* Sources */,
				740197DD2347D7290066CDF3 /* Frameworks */,
				740197DE2347D7290066CDF3 /* Resources */,
			);
			buildRules = (
			);
			dependencies = (
			);
			name = StageSocket;
			productName = StageSocket;
			productReference = 740197E02347D7290066CDF3 /* StageSocket.framework */;
			productType = "com.apple.product-type.framework";
		};
		740197E82347D7290066CDF3 /* StageSocketTests */ = {
			isa = PBXNativeTarget;
			buildConfigurationList = 740197F52347D7290066CDF3 /* Build configuration list for PBXNativeTarget "StageSocketTests" */;
			buildPhases = (
				9845FEFEECDF64C2A0D5FE94 /* [CP] Check Pods Manifest.lock */,
				740197E52347D7290066CDF3 /* Sources */,
				740197E62347D7290066CDF3 /* Frameworks */,
				740197E72347D7290066CDF3 /* Resources */,
			);
			buildRules = (
			);
			dependencies = (
				740197EC2347D7290066CDF3 /* PBXTargetDependency */,
			);
			name = StageSocketTests;
			productName = StageSocketTests;
			productReference = 740197E92347D7290066CDF3 /* StageSocketTests.xctest */;
			productType = "com.apple.product-type.bundle.unit-test";
		};
/* End PBXNativeTarget section */

/* Begin PBXProject section */
		740197D52347D6F40066CDF3 /* Project object */ = {
			isa = PBXProject;
			attributes = {
				LastSwiftUpdateCheck = 1100;
				LastUpgradeCheck = 1100;
				TargetAttributes = {
					740197DF2347D7290066CDF3 = {
						CreatedOnToolsVersion = 11.0;
						LastSwiftMigration = 1100;
					};
					740197E82347D7290066CDF3 = {
						CreatedOnToolsVersion = 11.0;
					};
					740197FC2347DAC10066CDF3 = {
						CreatedOnToolsVersion = 11.0;
					};
				};
			};
			buildConfigurationList = 740197D82347D6F40066CDF3 /* Build configuration list for PBXProject "Socket" */;
			compatibilityVersion = "Xcode 9.3";
			developmentRegion = en;
			hasScannedForEncodings = 0;
			knownRegions = (
				en,
				Base,
			);
			mainGroup = 740197D42347D6F40066CDF3;
			productRefGroup = 740197E12347D7290066CDF3 /* Products */;
			projectDirPath = "";
			projectRoot = "";
			targets = (
				740197DF2347D7290066CDF3 /* StageSocket */,
				740197E82347D7290066CDF3 /* StageSocketTests */,
				740197FC2347DAC10066CDF3 /* SubSocket */,
			);
		};
/* End PBXProject section */

/* Begin PBXResourcesBuildPhase section */
		740197DE2347D7290066CDF3 /* Resources */ = {
			isa = PBXResourcesBuildPhase;
			buildActionMask = 2147483647;
			files = (
			);
			runOnlyForDeploymentPostprocessing = 0;
		};
		740197E72347D7290066CDF3 /* Resources */ = {
			isa = PBXResourcesBuildPhase;
			buildActionMask = 2147483647;
			files = (
			);
			runOnlyForDeploymentPostprocessing = 0;
		};
/* End PBXResourcesBuildPhase section */

/* Begin PBXShellScriptBuildPhase section */
		94CA42702C05BBB26384DA58 /* [CP] Check Pods Manifest.lock */ = {
			isa = PBXShellScriptBuildPhase;
			buildActionMask = 2147483647;
			files = (
			);
			inputFileListPaths = (
			);
			inputPaths = (
				"${PODS_PODFILE_DIR_PATH}/Podfile.lock",
				"${PODS_ROOT}/Manifest.lock",
			);
			name = "[CP] Check Pods Manifest.lock";
			outputFileListPaths = (
			);
			outputPaths = (
				"$(DERIVED_FILE_DIR)/Pods-StageSocket-checkManifestLockResult.txt",
			);
			runOnlyForDeploymentPostprocessing = 0;
			shellPath = /bin/sh;
			shellScript = "diff \"${PODS_PODFILE_DIR_PATH}/Podfile.lock\" \"${PODS_ROOT}/Manifest.lock\" > /dev/null\nif [ $? != 0 ] ; then\n    # print error to STDERR\n    echo \"error: The sandbox is not in sync with the Podfile.lock. Run 'pod install' or update your CocoaPods installation.\" >&2\n    exit 1\nfi\n# This output is used by Xcode 'outputs' to avoid re-running this script phase.\necho \"SUCCESS\" > \"${SCRIPT_OUTPUT_FILE_0}\"\n";
			showEnvVarsInLog = 0;
		};
		9845FEFEECDF64C2A0D5FE94 /* [CP] Check Pods Manifest.lock */ = {
			isa = PBXShellScriptBuildPhase;
			buildActionMask = 2147483647;
			files = (
			);
			inputFileListPaths = (
			);
			inputPaths = (
				"${PODS_PODFILE_DIR_PATH}/Podfile.lock",
				"${PODS_ROOT}/Manifest.lock",
			);
			name = "[CP] Check Pods Manifest.lock";
			outputFileListPaths = (
			);
			outputPaths = (
				"$(DERIVED_FILE_DIR)/Pods-StageSocketTests-checkManifestLockResult.txt",
			);
			runOnlyForDeploymentPostprocessing = 0;
			shellPath = /bin/sh;
			shellScript = "diff \"${PODS_PODFILE_DIR_PATH}/Podfile.lock\" \"${PODS_ROOT}/Manifest.lock\" > /dev/null\nif [ $? != 0 ] ; then\n    # print error to STDERR\n    echo \"error: The sandbox is not in sync with the Podfile.lock. Run 'pod install' or update your CocoaPods installation.\" >&2\n    exit 1\nfi\n# This output is used by Xcode 'outputs' to avoid re-running this script phase.\necho \"SUCCESS\" > \"${SCRIPT_OUTPUT_FILE_0}\"\n";
			showEnvVarsInLog = 0;
		};
/* End PBXShellScriptBuildPhase section */

/* Begin PBXSourcesBuildPhase section */
		740197DC2347D7290066CDF3 /* Sources */ = {
			isa = PBXSourcesBuildPhase;
			buildActionMask = 2147483647;
			files = (
				740198012347DB8C0066CDF3 /* SocketModule.swift in Sources */,
			);
			runOnlyForDeploymentPostprocessing = 0;
		};
		740197E52347D7290066CDF3 /* Sources */ = {
			isa = PBXSourcesBuildPhase;
			buildActionMask = 2147483647;
			files = (
				740197EF2347D7290066CDF3 /* StageSocketTests.swift in Sources */,
			);
			runOnlyForDeploymentPostprocessing = 0;
		};
/* End PBXSourcesBuildPhase section */

/* Begin PBXTargetDependency section */
		740197EC2347D7290066CDF3 /* PBXTargetDependency */ = {
			isa = PBXTargetDependency;
			target = 740197DF2347D7290066CDF3 /* StageSocket */;
			targetProxy = 740197EB2347D7290066CDF3 /* PBXContainerItemProxy */;
		};
/* End PBXTargetDependency section */

/* Begin XCBuildConfiguration section */
		740197D92347D6F40066CDF3 /* Debug */ = {
			isa = XCBuildConfiguration;
			buildSettings = {
			};
			name = Debug;
		};
		740197DA2347D6F40066CDF3 /* Release */ = {
			isa = XCBuildConfiguration;
			buildSettings = {
			};
			name = Release;
		};
		740197F32347D7290066CDF3 /* Debug */ = {
			isa = XCBuildConfiguration;
			baseConfigurationReference = 4200FA65BB8C98995C9D08E0 /* Pods-StageSocket.debug.xcconfig */;
			buildSettings = {
				ALWAYS_SEARCH_USER_PATHS = NO;
				CLANG_ANALYZER_NONNULL = YES;
				CLANG_ANALYZER_NUMBER_OBJECT_CONVERSION = YES_AGGRESSIVE;
				CLANG_CXX_LANGUAGE_STANDARD = "gnu++14";
				CLANG_CXX_LIBRARY = "libc++";
				CLANG_ENABLE_MODULES = YES;
				CLANG_ENABLE_OBJC_ARC = YES;
				CLANG_ENABLE_OBJC_WEAK = YES;
				CLANG_WARN_BLOCK_CAPTURE_AUTORELEASING = YES;
				CLANG_WARN_BOOL_CONVERSION = YES;
				CLANG_WARN_COMMA = YES;
				CLANG_WARN_CONSTANT_CONVERSION = YES;
				CLANG_WARN_DEPRECATED_OBJC_IMPLEMENTATIONS = YES;
				CLANG_WARN_DIRECT_OBJC_ISA_USAGE = YES_ERROR;
				CLANG_WARN_DOCUMENTATION_COMMENTS = YES;
				CLANG_WARN_EMPTY_BODY = YES;
				CLANG_WARN_ENUM_CONVERSION = YES;
				CLANG_WARN_INFINITE_RECURSION = YES;
				CLANG_WARN_INT_CONVERSION = YES;
				CLANG_WARN_NON_LITERAL_NULL_CONVERSION = YES;
				CLANG_WARN_OBJC_IMPLICIT_RETAIN_SELF = YES;
				CLANG_WARN_OBJC_LITERAL_CONVERSION = YES;
				CLANG_WARN_OBJC_ROOT_CLASS = YES_ERROR;
				CLANG_WARN_RANGE_LOOP_ANALYSIS = YES;
				CLANG_WARN_STRICT_PROTOTYPES = YES;
				CLANG_WARN_SUSPICIOUS_MOVE = YES;
				CLANG_WARN_UNGUARDED_AVAILABILITY = YES_AGGRESSIVE;
				CLANG_WARN_UNREACHABLE_CODE = YES;
				CLANG_WARN__DUPLICATE_METHOD_MATCH = YES;
				CODE_SIGN_STYLE = Automatic;
				COMBINE_HIDPI_IMAGES = YES;
				COPY_PHASE_STRIP = NO;
				CURRENT_PROJECT_VERSION = 1;
				DEBUG_INFORMATION_FORMAT = dwarf;
				DEFINES_MODULE = YES;
				DEVELOPMENT_TEAM = 7YM4BCE4GH;
				DYLIB_COMPATIBILITY_VERSION = 1;
				DYLIB_CURRENT_VERSION = 1;
				DYLIB_INSTALL_NAME_BASE = "@rpath";
				ENABLE_STRICT_OBJC_MSGSEND = YES;
				ENABLE_TESTABILITY = YES;
				GCC_C_LANGUAGE_STANDARD = gnu11;
				GCC_DYNAMIC_NO_PIC = NO;
				GCC_NO_COMMON_BLOCKS = YES;
				GCC_OPTIMIZATION_LEVEL = 0;
				GCC_PREPROCESSOR_DEFINITIONS = (
					"DEBUG=1",
					"$(inherited)",
				);
				GCC_WARN_64_TO_32_BIT_CONVERSION = YES;
				GCC_WARN_ABOUT_RETURN_TYPE = YES_ERROR;
				GCC_WARN_UNDECLARED_SELECTOR = YES;
				GCC_WARN_UNINITIALIZED_AUTOS = YES_AGGRESSIVE;
				GCC_WARN_UNUSED_FUNCTION = YES;
				GCC_WARN_UNUSED_VARIABLE = YES;
				INFOPLIST_FILE = StageSocket/Info.plist;
				INSTALL_PATH = "$(LOCAL_LIBRARY_DIR)/Frameworks";
				LD_RUNPATH_SEARCH_PATHS = (
					"$(inherited)",
					"@executable_path/../Frameworks",
					"@loader_path/Frameworks",
				);
				MACOSX_DEPLOYMENT_TARGET = 10.14;
				MTL_ENABLE_DEBUG_INFO = INCLUDE_SOURCE;
				MTL_FAST_MATH = YES;
				ONLY_ACTIVE_ARCH = YES;
				PRODUCT_BUNDLE_IDENTIFIER = br.com.involves.stagesocket.StageSocket;
				PRODUCT_NAME = "$(TARGET_NAME:c99extidentifier)";
				RESOURCES_TARGETED_DEVICE_FAMILY = "";
				SDKROOT = macosx;
				SKIP_INSTALL = YES;
				SUPPORTED_PLATFORMS = "macosx iphoneos iphonesimulator";
				SWIFT_ACTIVE_COMPILATION_CONDITIONS = DEBUG;
				SWIFT_OPTIMIZATION_LEVEL = "-Onone";
				SWIFT_VERSION = 5.0;
				VERSIONING_SYSTEM = "apple-generic";
				VERSION_INFO_PREFIX = "";
			};
			name = Debug;
		};
		740197F42347D7290066CDF3 /* Release */ = {
			isa = XCBuildConfiguration;
			baseConfigurationReference = DB482006E06D00E046C08A9E /* Pods-StageSocket.release.xcconfig */;
			buildSettings = {
				ALWAYS_SEARCH_USER_PATHS = NO;
				CLANG_ANALYZER_NONNULL = YES;
				CLANG_ANALYZER_NUMBER_OBJECT_CONVERSION = YES_AGGRESSIVE;
				CLANG_CXX_LANGUAGE_STANDARD = "gnu++14";
				CLANG_CXX_LIBRARY = "libc++";
				CLANG_ENABLE_MODULES = YES;
				CLANG_ENABLE_OBJC_ARC = YES;
				CLANG_ENABLE_OBJC_WEAK = YES;
				CLANG_WARN_BLOCK_CAPTURE_AUTORELEASING = YES;
				CLANG_WARN_BOOL_CONVERSION = YES;
				CLANG_WARN_COMMA = YES;
				CLANG_WARN_CONSTANT_CONVERSION = YES;
				CLANG_WARN_DEPRECATED_OBJC_IMPLEMENTATIONS = YES;
				CLANG_WARN_DIRECT_OBJC_ISA_USAGE = YES_ERROR;
				CLANG_WARN_DOCUMENTATION_COMMENTS = YES;
				CLANG_WARN_EMPTY_BODY = YES;
				CLANG_WARN_ENUM_CONVERSION = YES;
				CLANG_WARN_INFINITE_RECURSION = YES;
				CLANG_WARN_INT_CONVERSION = YES;
				CLANG_WARN_NON_LITERAL_NULL_CONVERSION = YES;
				CLANG_WARN_OBJC_IMPLICIT_RETAIN_SELF = YES;
				CLANG_WARN_OBJC_LITERAL_CONVERSION = YES;
				CLANG_WARN_OBJC_ROOT_CLASS = YES_ERROR;
				CLANG_WARN_RANGE_LOOP_ANALYSIS = YES;
				CLANG_WARN_STRICT_PROTOTYPES = YES;
				CLANG_WARN_SUSPICIOUS_MOVE = YES;
				CLANG_WARN_UNGUARDED_AVAILABILITY = YES_AGGRESSIVE;
				CLANG_WARN_UNREACHABLE_CODE = YES;
				CLANG_WARN__DUPLICATE_METHOD_MATCH = YES;
				CODE_SIGN_STYLE = Automatic;
				COMBINE_HIDPI_IMAGES = YES;
				COPY_PHASE_STRIP = NO;
				CURRENT_PROJECT_VERSION = 1;
				DEBUG_INFORMATION_FORMAT = "dwarf-with-dsym";
				DEFINES_MODULE = YES;
				DEVELOPMENT_TEAM = 7YM4BCE4GH;
				DYLIB_COMPATIBILITY_VERSION = 1;
				DYLIB_CURRENT_VERSION = 1;
				DYLIB_INSTALL_NAME_BASE = "@rpath";
				ENABLE_NS_ASSERTIONS = NO;
				ENABLE_STRICT_OBJC_MSGSEND = YES;
				GCC_C_LANGUAGE_STANDARD = gnu11;
				GCC_NO_COMMON_BLOCKS = YES;
				GCC_WARN_64_TO_32_BIT_CONVERSION = YES;
				GCC_WARN_ABOUT_RETURN_TYPE = YES_ERROR;
				GCC_WARN_UNDECLARED_SELECTOR = YES;
				GCC_WARN_UNINITIALIZED_AUTOS = YES_AGGRESSIVE;
				GCC_WARN_UNUSED_FUNCTION = YES;
				GCC_WARN_UNUSED_VARIABLE = YES;
				INFOPLIST_FILE = StageSocket/Info.plist;
				INSTALL_PATH = "$(LOCAL_LIBRARY_DIR)/Frameworks";
				LD_RUNPATH_SEARCH_PATHS = (
					"$(inherited)",
					"@executable_path/../Frameworks",
					"@loader_path/Frameworks",
				);
				MACOSX_DEPLOYMENT_TARGET = 10.14;
				MTL_ENABLE_DEBUG_INFO = NO;
				MTL_FAST_MATH = YES;
				PRODUCT_BUNDLE_IDENTIFIER = br.com.involves.stagesocket.StageSocket;
				PRODUCT_NAME = "$(TARGET_NAME:c99extidentifier)";
				RESOURCES_TARGETED_DEVICE_FAMILY = "";
				SDKROOT = macosx;
				SKIP_INSTALL = YES;
				SUPPORTED_PLATFORMS = "macosx iphoneos iphonesimulator";
				SWIFT_COMPILATION_MODE = wholemodule;
				SWIFT_OPTIMIZATION_LEVEL = "-O";
				SWIFT_VERSION = 5.0;
				VERSIONING_SYSTEM = "apple-generic";
				VERSION_INFO_PREFIX = "";
			};
			name = Release;
		};
		740197F62347D7290066CDF3 /* Debug */ = {
			isa = XCBuildConfiguration;
			baseConfigurationReference = 2151EB664D46EE1E8DA6351C /* Pods-StageSocketTests.debug.xcconfig */;
			buildSettings = {
				ALWAYS_EMBED_SWIFT_STANDARD_LIBRARIES = YES;
				ALWAYS_SEARCH_USER_PATHS = NO;
				CLANG_ANALYZER_NONNULL = YES;
				CLANG_ANALYZER_NUMBER_OBJECT_CONVERSION = YES_AGGRESSIVE;
				CLANG_CXX_LANGUAGE_STANDARD = "gnu++14";
				CLANG_CXX_LIBRARY = "libc++";
				CLANG_ENABLE_MODULES = YES;
				CLANG_ENABLE_OBJC_ARC = YES;
				CLANG_ENABLE_OBJC_WEAK = YES;
				CLANG_WARN_BLOCK_CAPTURE_AUTORELEASING = YES;
				CLANG_WARN_BOOL_CONVERSION = YES;
				CLANG_WARN_COMMA = YES;
				CLANG_WARN_CONSTANT_CONVERSION = YES;
				CLANG_WARN_DEPRECATED_OBJC_IMPLEMENTATIONS = YES;
				CLANG_WARN_DIRECT_OBJC_ISA_USAGE = YES_ERROR;
				CLANG_WARN_DOCUMENTATION_COMMENTS = YES;
				CLANG_WARN_EMPTY_BODY = YES;
				CLANG_WARN_ENUM_CONVERSION = YES;
				CLANG_WARN_INFINITE_RECURSION = YES;
				CLANG_WARN_INT_CONVERSION = YES;
				CLANG_WARN_NON_LITERAL_NULL_CONVERSION = YES;
				CLANG_WARN_OBJC_IMPLICIT_RETAIN_SELF = YES;
				CLANG_WARN_OBJC_LITERAL_CONVERSION = YES;
				CLANG_WARN_OBJC_ROOT_CLASS = YES_ERROR;
				CLANG_WARN_RANGE_LOOP_ANALYSIS = YES;
				CLANG_WARN_STRICT_PROTOTYPES = YES;
				CLANG_WARN_SUSPICIOUS_MOVE = YES;
				CLANG_WARN_UNGUARDED_AVAILABILITY = YES_AGGRESSIVE;
				CLANG_WARN_UNREACHABLE_CODE = YES;
				CLANG_WARN__DUPLICATE_METHOD_MATCH = YES;
				CODE_SIGN_STYLE = Automatic;
				COMBINE_HIDPI_IMAGES = YES;
				COPY_PHASE_STRIP = NO;
				DEBUG_INFORMATION_FORMAT = dwarf;
				DEVELOPMENT_TEAM = 7YM4BCE4GH;
				ENABLE_STRICT_OBJC_MSGSEND = YES;
				ENABLE_TESTABILITY = YES;
				GCC_C_LANGUAGE_STANDARD = gnu11;
				GCC_DYNAMIC_NO_PIC = NO;
				GCC_NO_COMMON_BLOCKS = YES;
				GCC_OPTIMIZATION_LEVEL = 0;
				GCC_PREPROCESSOR_DEFINITIONS = (
					"DEBUG=1",
					"$(inherited)",
				);
				GCC_WARN_64_TO_32_BIT_CONVERSION = YES;
				GCC_WARN_ABOUT_RETURN_TYPE = YES_ERROR;
				GCC_WARN_UNDECLARED_SELECTOR = YES;
				GCC_WARN_UNINITIALIZED_AUTOS = YES_AGGRESSIVE;
				GCC_WARN_UNUSED_FUNCTION = YES;
				GCC_WARN_UNUSED_VARIABLE = YES;
				INFOPLIST_FILE = StageSocketTests/Info.plist;
				LD_RUNPATH_SEARCH_PATHS = (
					"$(inherited)",
					"@executable_path/../Frameworks",
					"@loader_path/../Frameworks",
				);
				MACOSX_DEPLOYMENT_TARGET = 10.14;
				MTL_ENABLE_DEBUG_INFO = INCLUDE_SOURCE;
				MTL_FAST_MATH = YES;
				ONLY_ACTIVE_ARCH = YES;
				PRODUCT_BUNDLE_IDENTIFIER = br.com.involves.stagesocket.StageSocketTests;
				PRODUCT_NAME = "$(TARGET_NAME)";
				SDKROOT = macosx;
				SWIFT_ACTIVE_COMPILATION_CONDITIONS = DEBUG;
				SWIFT_OPTIMIZATION_LEVEL = "-Onone";
				SWIFT_VERSION = 5.0;
			};
			name = Debug;
		};
		740197F72347D7290066CDF3 /* Release */ = {
			isa = XCBuildConfiguration;
			baseConfigurationReference = 3483C046132A63A1E5D64CE5 /* Pods-StageSocketTests.release.xcconfig */;
			buildSettings = {
				ALWAYS_EMBED_SWIFT_STANDARD_LIBRARIES = YES;
				ALWAYS_SEARCH_USER_PATHS = NO;
				CLANG_ANALYZER_NONNULL = YES;
				CLANG_ANALYZER_NUMBER_OBJECT_CONVERSION = YES_AGGRESSIVE;
				CLANG_CXX_LANGUAGE_STANDARD = "gnu++14";
				CLANG_CXX_LIBRARY = "libc++";
				CLANG_ENABLE_MODULES = YES;
				CLANG_ENABLE_OBJC_ARC = YES;
				CLANG_ENABLE_OBJC_WEAK = YES;
				CLANG_WARN_BLOCK_CAPTURE_AUTORELEASING = YES;
				CLANG_WARN_BOOL_CONVERSION = YES;
				CLANG_WARN_COMMA = YES;
				CLANG_WARN_CONSTANT_CONVERSION = YES;
				CLANG_WARN_DEPRECATED_OBJC_IMPLEMENTATIONS = YES;
				CLANG_WARN_DIRECT_OBJC_ISA_USAGE = YES_ERROR;
				CLANG_WARN_DOCUMENTATION_COMMENTS = YES;
				CLANG_WARN_EMPTY_BODY = YES;
				CLANG_WARN_ENUM_CONVERSION = YES;
				CLANG_WARN_INFINITE_RECURSION = YES;
				CLANG_WARN_INT_CONVERSION = YES;
				CLANG_WARN_NON_LITERAL_NULL_CONVERSION = YES;
				CLANG_WARN_OBJC_IMPLICIT_RETAIN_SELF = YES;
				CLANG_WARN_OBJC_LITERAL_CONVERSION = YES;
				CLANG_WARN_OBJC_ROOT_CLASS = YES_ERROR;
				CLANG_WARN_RANGE_LOOP_ANALYSIS = YES;
				CLANG_WARN_STRICT_PROTOTYPES = YES;
				CLANG_WARN_SUSPICIOUS_MOVE = YES;
				CLANG_WARN_UNGUARDED_AVAILABILITY = YES_AGGRESSIVE;
				CLANG_WARN_UNREACHABLE_CODE = YES;
				CLANG_WARN__DUPLICATE_METHOD_MATCH = YES;
				CODE_SIGN_STYLE = Automatic;
				COMBINE_HIDPI_IMAGES = YES;
				COPY_PHASE_STRIP = NO;
				DEBUG_INFORMATION_FORMAT = "dwarf-with-dsym";
				DEVELOPMENT_TEAM = 7YM4BCE4GH;
				ENABLE_NS_ASSERTIONS = NO;
				ENABLE_STRICT_OBJC_MSGSEND = YES;
				GCC_C_LANGUAGE_STANDARD = gnu11;
				GCC_NO_COMMON_BLOCKS = YES;
				GCC_WARN_64_TO_32_BIT_CONVERSION = YES;
				GCC_WARN_ABOUT_RETURN_TYPE = YES_ERROR;
				GCC_WARN_UNDECLARED_SELECTOR = YES;
				GCC_WARN_UNINITIALIZED_AUTOS = YES_AGGRESSIVE;
				GCC_WARN_UNUSED_FUNCTION = YES;
				GCC_WARN_UNUSED_VARIABLE = YES;
				INFOPLIST_FILE = StageSocketTests/Info.plist;
				LD_RUNPATH_SEARCH_PATHS = (
					"$(inherited)",
					"@executable_path/../Frameworks",
					"@loader_path/../Frameworks",
				);
				MACOSX_DEPLOYMENT_TARGET = 10.14;
				MTL_ENABLE_DEBUG_INFO = NO;
				MTL_FAST_MATH = YES;
				PRODUCT_BUNDLE_IDENTIFIER = br.com.involves.stagesocket.StageSocketTests;
				PRODUCT_NAME = "$(TARGET_NAME)";
				SDKROOT = macosx;
				SWIFT_COMPILATION_MODE = wholemodule;
				SWIFT_OPTIMIZATION_LEVEL = "-O";
				SWIFT_VERSION = 5.0;
			};
			name = Release;
		};
		740197FE2347DAC10066CDF3 /* Debug */ = {
			isa = XCBuildConfiguration;
			buildSettings = {
				CODE_SIGN_STYLE = Automatic;
				DEVELOPMENT_TEAM = 7YM4BCE4GH;
				PRODUCT_NAME = "$(TARGET_NAME)";
			};
			name = Debug;
		};
		740197FF2347DAC10066CDF3 /* Release */ = {
			isa = XCBuildConfiguration;
			buildSettings = {
				CODE_SIGN_STYLE = Automatic;
				DEVELOPMENT_TEAM = 7YM4BCE4GH;
				PRODUCT_NAME = "$(TARGET_NAME)";
			};
			name = Release;
		};
/* End XCBuildConfiguration section */

/* Begin XCConfigurationList section */
		740197D82347D6F40066CDF3 /* Build configuration list for PBXProject "Socket" */ = {
			isa = XCConfigurationList;
			buildConfigurations = (
				740197D92347D6F40066CDF3 /* Debug */,
				740197DA2347D6F40066CDF3 /* Release */,
			);
			defaultConfigurationIsVisible = 0;
			defaultConfigurationName = Release;
		};
		740197F22347D7290066CDF3 /* Build configuration list for PBXNativeTarget "StageSocket" */ = {
			isa = XCConfigurationList;
			buildConfigurations = (
				740197F32347D7290066CDF3 /* Debug */,
				740197F42347D7290066CDF3 /* Release */,
			);
			defaultConfigurationIsVisible = 0;
			defaultConfigurationName = Release;
		};
		740197F52347D7290066CDF3 /* Build configuration list for PBXNativeTarget "StageSocketTests" */ = {
			isa = XCConfigurationList;
			buildConfigurations = (
				740197F62347D7290066CDF3 /* Debug */,
				740197F72347D7290066CDF3 /* Release */,
			);
			defaultConfigurationIsVisible = 0;
			defaultConfigurationName = Release;
		};
		740197FD2347DAC10066CDF3 /* Build configuration list for PBXAggregateTarget "SubSocket" */ = {
			isa = XCConfigurationList;
			buildConfigurations = (
				740197FE2347DAC10066CDF3 /* Debug */,
				740197FF2347DAC10066CDF3 /* Release */,
			);
			defaultConfigurationIsVisible = 0;
			defaultConfigurationName = Release;
		};
/* End XCConfigurationList section */
	};
	rootObject = 740197D52347D6F40066CDF3 /* Project object */;
}
